
Microsoft Visual Studio Solution File, Format Version 12.00
# Visual Studio 15
VisualStudioVersion = 15.0.28307.168
MinimumVisualStudioVersion = 10.0.40219.1
Project("{FAE04EC0-301F-11D3-BF4B-00C04F79EFBC}") = "VotacaoRestaurante", "VotacaoRestaurante\VotacaoRestaurante.csproj", "{D190B4A9-7F97-4C6E-ABD2-5A44C13613C9}"
EndProject
Project("{FAE04EC0-301F-11D3-BF4B-00C04F79EFBC}") = "VotacaoRestauranteTests", "VotacaoRestauranteTests\VotacaoRestauranteTests.csproj", "{2203F9BC-9DA0-4F38-BC40-840DE1C152AA}"
EndProject
Global
	GlobalSection(SolutionConfigurationPlatforms) = preSolution
		Debug|Any CPU = Debug|Any CPU
		Release|Any CPU = Release|Any CPU
	EndGlobalSection
	GlobalSection(ProjectConfigurationPlatforms) = postSolution
		{D190B4A9-7F97-4C6E-ABD2-5A44C13613C9}.Debug|Any CPU.ActiveCfg = Debug|Any CPU
		{D190B4A9-7F97-4C6E-ABD2-5A44C13613C9}.Debug|Any CPU.Build.0 = Debug|Any CPU
		{D190B4A9-7F97-4C6E-ABD2-5A44C13613C9}.Release|Any CPU.ActiveCfg = Release|Any CPU
		{D190B4A9-7F97-4C6E-ABD2-5A44C13613C9}.Release|Any CPU.Build.0 = Release|Any CPU
		{2203F9BC-9DA0-4F38-BC40-840DE1C152AA}.Debug|Any CPU.ActiveCfg = Debug|Any CPU
		{2203F9BC-9DA0-4F38-BC40-840DE1C152AA}.Debug|Any CPU.Build.0 = Debug|Any CPU
		{2203F9BC-9DA0-4F38-BC40-840DE1C152AA}.Release|Any CPU.ActiveCfg = Release|Any CPU
		{2203F9BC-9DA0-4F38-BC40-840DE1C152AA}.Release|Any CPU.Build.0 = Release|Any CPU
	EndGlobalSection
	GlobalSection(SolutionProperties) = preSolution
		HideSolutionNode = FALSE
	EndGlobalSection
	GlobalSection(ExtensibilityGlobals) = postSolution
		SolutionGuid = {E44CB32D-366A-42D3-95E1-5D7FA598C41F}
	EndGlobalSection
EndGlobal
